<?xml version="1.0" encoding="utf-8"?>
<Project ToolsVersion="4.0" xmlns="http://schemas.microsoft.com/developer/msbuild/2003">
  <ItemGroup>
    <Filter Include="소스 파일">
      <UniqueIdentifier>{4FC737F1-C7A5-4376-A066-2A32D752A2FF}</UniqueIdentifier>
      <Extensions>cpp;c;cc;cxx;def;odl;idl;hpj;bat;asm;asmx</Extensions>
    </Filter>
    <Filter Include="헤더 파일">
      <UniqueIdentifier>{93995380-89BD-4b04-88EB-625FBE52EBFB}</UniqueIdentifier>
      <Extensions>h;hh;hpp;hxx;hm;inl;inc;ipp;xsd</Extensions>
    </Filter>
    <Filter Include="리소스 파일">
      <UniqueIdentifier>{67DA6AB6-F800-4c08-8B7A-83BB121AAD01}</UniqueIdentifier>
      <Extensions>rc;ico;cur;bmp;dlg;rc2;rct;bin;rgs;gif;jpg;jpeg;jpe;resx;tiff;tif;png;wav;mfcribbon-ms</Extensions>
    </Filter>
    <Filter Include="소스 파일\buildings">
      <UniqueIdentifier>{948ac006-a4cf-4cb1-b62d-64f0f906c3f4}</UniqueIdentifier>
    </Filter>
    <Filter Include="헤더 파일\buildings">
      <UniqueIdentifier>{52682789-6255-48fa-8205-2341efd8691a}</UniqueIdentifier>
    </Filter>
    <Filter Include="소스 파일\utils">
      <UniqueIdentifier>{840401c1-068d-4ee1-99f6-198d7a2692aa}</UniqueIdentifier>
    </Filter>
    <Filter Include="소스 파일\land_mark">
      <UniqueIdentifier>{006845da-19c4-4268-8edf-164ae15128a0}</UniqueIdentifier>
    </Filter>
    <Filter Include="소스 파일\road">
      <UniqueIdentifier>{77c9e11d-be05-4b8e-a28d-fef5ad5c9750}</UniqueIdentifier>
    </Filter>
  </ItemGroup>
  <ItemGroup>
    <ClInclude Include="pch.h">
      <Filter>헤더 파일</Filter>
    </ClInclude>
    <ClInclude Include="LHM.h">
      <Filter>헤더 파일\buildings</Filter>
    </ClInclude>
    <ClInclude Include="buildings.h">
      <Filter>헤더 파일</Filter>
    </ClInclude>
    <ClInclude Include="utils.h">
      <Filter>헤더 파일</Filter>
    </ClInclude>
    <ClInclude Include="SYJ.h">
      <Filter>헤더 파일\buildings</Filter>
    </ClInclude>
    <ClInclude Include="KJH.h">
      <Filter>헤더 파일\buildings</Filter>
    </ClInclude>
    <ClInclude Include="JGH.h">
      <Filter>헤더 파일\buildings</Filter>
    </ClInclude>
    <ClInclude Include="land_mark.h">
      <Filter>헤더 파일</Filter>
    </ClInclude>
    <ClInclude Include="road.h">
      <Filter>헤더 파일</Filter>
    </ClInclude>
    <ClInclude Include="LHM_constants.h">
      <Filter>헤더 파일</Filter>
    </ClInclude>
    <ClInclude Include="building_block.h">
      <Filter>헤더 파일</Filter>
    </ClInclude>
    <ClInclude Include="coalamod.h">
      <Filter>헤더 파일</Filter>
    </ClInclude>
  </ItemGroup>
  <ItemGroup>
    <ClCompile Include="LHM.cpp">
      <Filter>소스 파일\buildings</Filter>
    </ClCompile>
    <ClCompile Include="main.cpp">
      <Filter>소스 파일</Filter>
    </ClCompile>
    <ClCompile Include="SYJ.cpp">
      <Filter>소스 파일\buildings</Filter>
    </ClCompile>
    <ClCompile Include="KJH.cpp">
      <Filter>소스 파일\buildings</Filter>
    </ClCompile>
    <ClCompile Include="JGH.cpp">
      <Filter>소스 파일\buildings</Filter>
    </ClCompile>
    <ClCompile Include="randutils.cpp">
      <Filter>소스 파일</Filter>
    </ClCompile>
    <ClCompile Include="LHM_personal_project.cpp">
      <Filter>소스 파일\land_mark</Filter>
    </ClCompile>
    <ClCompile Include="central_tower.cpp">
      <Filter>소스 파일\land_mark</Filter>
    </ClCompile>
    <ClCompile Include="park.cpp">
      <Filter>소스 파일\land_mark</Filter>
    </ClCompile>
    <ClCompile Include="road.cpp">
      <Filter>소스 파일\road</Filter>
    </ClCompile>
    <ClCompile Include="LHM_constants.cpp">
      <Filter>소스 파일</Filter>
    </ClCompile>
    <ClCompile Include="building_block.cpp">
      <Filter>소스 파일</Filter>
    </ClCompile>
  </ItemGroup>
</Project>